
Microsoft Visual Studio Solution File, Format Version 12.00
# Visual Studio Version 16
VisualStudioVersion = 16.0.34031.81
MinimumVisualStudioVersion = 10.0.40219.1
Project("{2150E333-8FDC-42A3-9474-1A3956D46DE8}") = "Task0", "Task0", "{EB7D371F-9DA2-4773-BE48-BC4259515829}"
EndProject
Project("{FAE04EC0-301F-11D3-BF4B-00C04F79EFBC}") = "Tyuiu.ShadrinEA.Sprint0.Task0.V0", "Tyuiu.ShadrinEA.Sprint0.Task0.V0\Tyuiu.ShadrinEA.Sprint0.Task0.V0.csproj", "{DE2C613E-7A7B-4820-9EA9-034218AE41D4}"
EndProject
Project("{2150E333-8FDC-42A3-9474-1A3956D46DE8}") = "Task1", "Task1", "{BC61F00A-1A00-48B7-A7ED-02C5602FDF83}"
EndProject
Project("{FAE04EC0-301F-11D3-BF4B-00C04F79EFBC}") = "Tyuiu.ShadrinEA.Sprint0.Task1.V0", "Tyuiu.ShadrinEA.Sprint0.Task1.V0\Tyuiu.ShadrinEA.Sprint0.Task1.V0.csproj", "{F4026896-CC90-4E4E-B3D1-1B869AB00BD7}"
EndProject
Project("{2150E333-8FDC-42A3-9474-1A3956D46DE8}") = "Task2", "Task2", "{D0ADAAB0-2912-49E5-B6CF-B240F1C80A7D}"
EndProject
Project("{FAE04EC0-301F-11D3-BF4B-00C04F79EFBC}") = "Tyuiu.ShadrinEA.Sprint0.Task2.V0", "Tyuiu.ShadrinEA.Sprint0.Task2.V0\Tyuiu.ShadrinEA.Sprint0.Task2.V0.csproj", "{222399B5-E4AA-42A3-9F60-478DB8F8CEB3}"
EndProject
Project("{FAE04EC0-301F-11D3-BF4B-00C04F79EFBC}") = "Tyuiu.ShadrinEA.Sprint0.Task2.V0.Lib", "Tyuiu.ShadrinEA.Sprint0.Task2.V0.Lib\Tyuiu.ShadrinEA.Sprint0.Task2.V0.Lib.csproj", "{632EFCA5-1AB5-4DF1-BA5E-374A435BF206}"
EndProject
Project("{FAE04EC0-301F-11D3-BF4B-00C04F79EFBC}") = "Tyuiu.ShadrinEA.Sprint0.Task0.V0.Test", "Tyuiu.ShadrinEA.Sprint0.Task0.V0.Test\Tyuiu.ShadrinEA.Sprint0.Task0.V0.Test.csproj", "{65FA0B3C-90FF-49D2-B5DF-14DE04D9E186}"
EndProject
Project("{2150E333-8FDC-42A3-9474-1A3956D46DE8}") = "Task3", "Task3", "{9ED97A83-D7A6-4BA4-937B-FC7675DD1E19}"
EndProject
Project("{FAE04EC0-301F-11D3-BF4B-00C04F79EFBC}") = "Tyuiu.ShadrinEA.Sprint0.Task3.V0", "Tyuiu.ShadrinEA.Sprint0.Task3.V0\Tyuiu.ShadrinEA.Sprint0.Task3.V0.csproj", "{AD74BA11-B692-47A1-A53D-D5505B646F07}"
EndProject
Project("{FAE04EC0-301F-11D3-BF4B-00C04F79EFBC}") = "Tyuiu.ShadrinEA.Sprint0.Task3.V0.Lib", "Tyuiu.ShadrinEA.Sprint0.Task3.V0.Lib\Tyuiu.ShadrinEA.Sprint0.Task3.V0.Lib.csproj", "{F2E064C9-CFA5-491E-BD57-10254B7DE283}"
EndProject
Project("{FAE04EC0-301F-11D3-BF4B-00C04F79EFBC}") = "Tyuiu.ShadrinEA.Sprint0.Task3.V0.Test", "Tyuiu.ShadrinEA.Sprint0.Task3.V0.Test\Tyuiu.ShadrinEA.Sprint0.Task3.V0.Test.csproj", "{78C1C76F-DC0D-498C-82F7-0577FFA2C550}"
EndProject
Project("{2150E333-8FDC-42A3-9474-1A3956D46DE8}") = "Task4", "Task4", "{640BCDFC-8EF2-4BA2-B07F-2DF7359E0FD1}"
EndProject
Project("{FAE04EC0-301F-11D3-BF4B-00C04F79EFBC}") = "Tyuiu.ShadrinEA.Sprint0.Task4.V0", "Tyuiu.ShadrinEA.Sprint0.Task4.V0\Tyuiu.ShadrinEA.Sprint0.Task4.V0.csproj", "{87EF4E64-1B60-4CDA-8FED-DFCFFF80E744}"
EndProject
Project("{FAE04EC0-301F-11D3-BF4B-00C04F79EFBC}") = "Tyuiu.ShadrinEA.Sprint0.Task4.V0.Lib", "Tyuiu.ShadrinEA.Sprint0.Task4.V0.Lib\Tyuiu.ShadrinEA.Sprint0.Task4.V0.Lib.csproj", "{B5AADF4B-D0F1-4378-8F6D-28B5C063FA3C}"
EndProject
Project("{FAE04EC0-301F-11D3-BF4B-00C04F79EFBC}") = "Tyuiu.ShadrinEA.Sprint0.Task4.V0.Test", "Tyuiu.ShadrinEA.Sprint0.Task4.V0.Test\Tyuiu.ShadrinEA.Sprint0.Task4.V0.Test.csproj", "{BAE1B9F9-657B-4A53-8F78-9CECA63401F3}"
EndProject
Project("{2150E333-8FDC-42A3-9474-1A3956D46DE8}") = "Task5", "Task5", "{99BBA2C4-37EC-4E52-84E8-52AA02DE1C32}"
EndProject
Project("{FAE04EC0-301F-11D3-BF4B-00C04F79EFBC}") = "Tyuiu.ShadrinEA.Sprint0.Task5.V0", "Tyuiu.ShadrinEA.Sprint0.Task5.V0\Tyuiu.ShadrinEA.Sprint0.Task5.V0.csproj", "{928372D1-CD59-4185-8C28-5E239FD12995}"
EndProject
Project("{FAE04EC0-301F-11D3-BF4B-00C04F79EFBC}") = "Tyuiu.ShadrinEA.Sprint0.Task5.V0.Lib", "Tyuiu.ShadrinEA.Sprint0.Task5.V0.Lib\Tyuiu.ShadrinEA.Sprint0.Task5.V0.Lib.csproj", "{BABDF881-A16E-4B63-A842-A81BE468BDB8}"
EndProject
Project("{FAE04EC0-301F-11D3-BF4B-00C04F79EFBC}") = "Tyuiu.ShadrinEA.Sprint0.Task5.V0.Test", "Tyuiu.ShadrinEA.Sprint0.Task5.V0.Test\Tyuiu.ShadrinEA.Sprint0.Task5.V0.Test.csproj", "{AD4CB04F-386D-4401-823E-D92D5F082767}"
EndProject
Global
	GlobalSection(SolutionConfigurationPlatforms) = preSolution
		Debug|Any CPU = Debug|Any CPU
		Release|Any CPU = Release|Any CPU
	EndGlobalSection
	GlobalSection(ProjectConfigurationPlatforms) = postSolution
		{DE2C613E-7A7B-4820-9EA9-034218AE41D4}.Debug|Any CPU.ActiveCfg = Debug|Any CPU
		{DE2C613E-7A7B-4820-9EA9-034218AE41D4}.Debug|Any CPU.Build.0 = Debug|Any CPU
		{DE2C613E-7A7B-4820-9EA9-034218AE41D4}.Release|Any CPU.ActiveCfg = Release|Any CPU
		{DE2C613E-7A7B-4820-9EA9-034218AE41D4}.Release|Any CPU.Build.0 = Release|Any CPU
		{F4026896-CC90-4E4E-B3D1-1B869AB00BD7}.Debug|Any CPU.ActiveCfg = Debug|Any CPU
		{F4026896-CC90-4E4E-B3D1-1B869AB00BD7}.Debug|Any CPU.Build.0 = Debug|Any CPU
		{F4026896-CC90-4E4E-B3D1-1B869AB00BD7}.Release|Any CPU.ActiveCfg = Release|Any CPU
		{F4026896-CC90-4E4E-B3D1-1B869AB00BD7}.Release|Any CPU.Build.0 = Release|Any CPU
		{222399B5-E4AA-42A3-9F60-478DB8F8CEB3}.Debug|Any CPU.ActiveCfg = Debug|Any CPU
		{222399B5-E4AA-42A3-9F60-478DB8F8CEB3}.Debug|Any CPU.Build.0 = Debug|Any CPU
		{222399B5-E4AA-42A3-9F60-478DB8F8CEB3}.Release|Any CPU.ActiveCfg = Release|Any CPU
		{222399B5-E4AA-42A3-9F60-478DB8F8CEB3}.Release|Any CPU.Build.0 = Release|Any CPU
		{632EFCA5-1AB5-4DF1-BA5E-374A435BF206}.Debug|Any CPU.ActiveCfg = Debug|Any CPU
		{632EFCA5-1AB5-4DF1-BA5E-374A435BF206}.Debug|Any CPU.Build.0 = Debug|Any CPU
		{632EFCA5-1AB5-4DF1-BA5E-374A435BF206}.Release|Any CPU.ActiveCfg = Release|Any CPU
		{632EFCA5-1AB5-4DF1-BA5E-374A435BF206}.Release|Any CPU.Build.0 = Release|Any CPU
		{65FA0B3C-90FF-49D2-B5DF-14DE04D9E186}.Debug|Any CPU.ActiveCfg = Debug|Any CPU
		{65FA0B3C-90FF-49D2-B5DF-14DE04D9E186}.Debug|Any CPU.Build.0 = Debug|Any CPU
		{65FA0B3C-90FF-49D2-B5DF-14DE04D9E186}.Release|Any CPU.ActiveCfg = Release|Any CPU
		{65FA0B3C-90FF-49D2-B5DF-14DE04D9E186}.Release|Any CPU.Build.0 = Release|Any CPU
		{AD74BA11-B692-47A1-A53D-D5505B646F07}.Debug|Any CPU.ActiveCfg = Debug|Any CPU
		{AD74BA11-B692-47A1-A53D-D5505B646F07}.Debug|Any CPU.Build.0 = Debug|Any CPU
		{AD74BA11-B692-47A1-A53D-D5505B646F07}.Release|Any CPU.ActiveCfg = Release|Any CPU
		{AD74BA11-B692-47A1-A53D-D5505B646F07}.Release|Any CPU.Build.0 = Release|Any CPU
		{F2E064C9-CFA5-491E-BD57-10254B7DE283}.Debug|Any CPU.ActiveCfg = Debug|Any CPU
		{F2E064C9-CFA5-491E-BD57-10254B7DE283}.Debug|Any CPU.Build.0 = Debug|Any CPU
		{F2E064C9-CFA5-491E-BD57-10254B7DE283}.Release|Any CPU.ActiveCfg = Release|Any CPU
		{F2E064C9-CFA5-491E-BD57-10254B7DE283}.Release|Any CPU.Build.0 = Release|Any CPU
		{78C1C76F-DC0D-498C-82F7-0577FFA2C550}.Debug|Any CPU.ActiveCfg = Debug|Any CPU
		{78C1C76F-DC0D-498C-82F7-0577FFA2C550}.Debug|Any CPU.Build.0 = Debug|Any CPU
		{78C1C76F-DC0D-498C-82F7-0577FFA2C550}.Release|Any CPU.ActiveCfg = Release|Any CPU
		{78C1C76F-DC0D-498C-82F7-0577FFA2C550}.Release|Any CPU.Build.0 = Release|Any CPU
		{87EF4E64-1B60-4CDA-8FED-DFCFFF80E744}.Debug|Any CPU.ActiveCfg = Debug|Any CPU
		{87EF4E64-1B60-4CDA-8FED-DFCFFF80E744}.Debug|Any CPU.Build.0 = Debug|Any CPU
		{87EF4E64-1B60-4CDA-8FED-DFCFFF80E744}.Release|Any CPU.ActiveCfg = Release|Any CPU
		{87EF4E64-1B60-4CDA-8FED-DFCFFF80E744}.Release|Any CPU.Build.0 = Release|Any CPU
		{B5AADF4B-D0F1-4378-8F6D-28B5C063FA3C}.Debug|Any CPU.ActiveCfg = Debug|Any CPU
		{B5AADF4B-D0F1-4378-8F6D-28B5C063FA3C}.Debug|Any CPU.Build.0 = Debug|Any CPU
		{B5AADF4B-D0F1-4378-8F6D-28B5C063FA3C}.Release|Any CPU.ActiveCfg = Release|Any CPU
		{B5AADF4B-D0F1-4378-8F6D-28B5C063FA3C}.Release|Any CPU.Build.0 = Release|Any CPU
		{BAE1B9F9-657B-4A53-8F78-9CECA63401F3}.Debug|Any CPU.ActiveCfg = Debug|Any CPU
		{BAE1B9F9-657B-4A53-8F78-9CECA63401F3}.Debug|Any CPU.Build.0 = Debug|Any CPU
		{BAE1B9F9-657B-4A53-8F78-9CECA63401F3}.Release|Any CPU.ActiveCfg = Release|Any CPU
		{BAE1B9F9-657B-4A53-8F78-9CECA63401F3}.Release|Any CPU.Build.0 = Release|Any CPU
		{928372D1-CD59-4185-8C28-5E239FD12995}.Debug|Any CPU.ActiveCfg = Debug|Any CPU
		{928372D1-CD59-4185-8C28-5E239FD12995}.Debug|Any CPU.Build.0 = Debug|Any CPU
		{928372D1-CD59-4185-8C28-5E239FD12995}.Release|Any CPU.ActiveCfg = Release|Any CPU
		{928372D1-CD59-4185-8C28-5E239FD12995}.Release|Any CPU.Build.0 = Release|Any CPU
		{BABDF881-A16E-4B63-A842-A81BE468BDB8}.Debug|Any CPU.ActiveCfg = Debug|Any CPU
		{BABDF881-A16E-4B63-A842-A81BE468BDB8}.Debug|Any CPU.Build.0 = Debug|Any CPU
		{BABDF881-A16E-4B63-A842-A81BE468BDB8}.Release|Any CPU.ActiveCfg = Release|Any CPU
		{BABDF881-A16E-4B63-A842-A81BE468BDB8}.Release|Any CPU.Build.0 = Release|Any CPU
		{AD4CB04F-386D-4401-823E-D92D5F082767}.Debug|Any CPU.ActiveCfg = Debug|Any CPU
		{AD4CB04F-386D-4401-823E-D92D5F082767}.Debug|Any CPU.Build.0 = Debug|Any CPU
		{AD4CB04F-386D-4401-823E-D92D5F082767}.Release|Any CPU.ActiveCfg = Release|Any CPU
		{AD4CB04F-386D-4401-823E-D92D5F082767}.Release|Any CPU.Build.0 = Release|Any CPU
	EndGlobalSection
	GlobalSection(SolutionProperties) = preSolution
		HideSolutionNode = FALSE
	EndGlobalSection
	GlobalSection(NestedProjects) = preSolution
		{DE2C613E-7A7B-4820-9EA9-034218AE41D4} = {EB7D371F-9DA2-4773-BE48-BC4259515829}
		{F4026896-CC90-4E4E-B3D1-1B869AB00BD7} = {BC61F00A-1A00-48B7-A7ED-02C5602FDF83}
		{222399B5-E4AA-42A3-9F60-478DB8F8CEB3} = {D0ADAAB0-2912-49E5-B6CF-B240F1C80A7D}
		{632EFCA5-1AB5-4DF1-BA5E-374A435BF206} = {D0ADAAB0-2912-49E5-B6CF-B240F1C80A7D}
		{65FA0B3C-90FF-49D2-B5DF-14DE04D9E186} = {D0ADAAB0-2912-49E5-B6CF-B240F1C80A7D}
		{AD74BA11-B692-47A1-A53D-D5505B646F07} = {9ED97A83-D7A6-4BA4-937B-FC7675DD1E19}
		{F2E064C9-CFA5-491E-BD57-10254B7DE283} = {9ED97A83-D7A6-4BA4-937B-FC7675DD1E19}
		{78C1C76F-DC0D-498C-82F7-0577FFA2C550} = {9ED97A83-D7A6-4BA4-937B-FC7675DD1E19}
		{87EF4E64-1B60-4CDA-8FED-DFCFFF80E744} = {640BCDFC-8EF2-4BA2-B07F-2DF7359E0FD1}
		{B5AADF4B-D0F1-4378-8F6D-28B5C063FA3C} = {640BCDFC-8EF2-4BA2-B07F-2DF7359E0FD1}
		{BAE1B9F9-657B-4A53-8F78-9CECA63401F3} = {640BCDFC-8EF2-4BA2-B07F-2DF7359E0FD1}
		{928372D1-CD59-4185-8C28-5E239FD12995} = {99BBA2C4-37EC-4E52-84E8-52AA02DE1C32}
		{BABDF881-A16E-4B63-A842-A81BE468BDB8} = {99BBA2C4-37EC-4E52-84E8-52AA02DE1C32}
		{AD4CB04F-386D-4401-823E-D92D5F082767} = {99BBA2C4-37EC-4E52-84E8-52AA02DE1C32}
	EndGlobalSection
	GlobalSection(ExtensibilityGlobals) = postSolution
		SolutionGuid = {9B946A67-2B66-440A-A763-2A146E3FB2DD}
	EndGlobalSection
EndGlobal
